// !$*UTF8*$!
{
	archiveVersion = 1;
	classes = {
	};
	objectVersion = 77;
	objects = {

/* Begin PBXBuildFile section */
		63863AFD2E8ED418001F2388 /* Toasts in Frameworks */ = {isa = PBXBuildFile; productRef = 63863AFC2E8ED418001F2388 /* Toasts */; };
		63AB6C2A2E658CFE00B7EFDC /* Auth in Frameworks */ = {isa = PBXBuildFile; productRef = 63AB6C292E658CFE00B7EFDC /* Auth */; };
		63AB6C2C2E658CFE00B7EFDC /* Functions in Frameworks */ = {isa = PBXBuildFile; productRef = 63AB6C2B2E658CFE00B7EFDC /* Functions */; };
		63AB6C2E2E658CFE00B7EFDC /* PostgREST in Frameworks */ = {isa = PBXBuildFile; productRef = 63AB6C2D2E658CFE00B7EFDC /* PostgREST */; };
		63AB6C302E658CFE00B7EFDC /* Realtime in Frameworks */ = {isa = PBXBuildFile; productRef = 63AB6C2F2E658CFE00B7EFDC /* Realtime */; };
		63AB6C322E658CFE00B7EFDC /* Storage in Frameworks */ = {isa = PBXBuildFile; productRef = 63AB6C312E658CFE00B7EFDC /* Storage */; };
		63AB6C342E658CFE00B7EFDC /* Supabase in Frameworks */ = {isa = PBXBuildFile; productRef = 63AB6C332E658CFE00B7EFDC /* Supabase */; };
/* End PBXBuildFile section */

/* Begin PBXFileReference section */
		63CAE4002E6319CC00F111CD /* Finora.app */ = {isa = PBXFileReference; explicitFileType = wrapper.application; includeInIndex = 0; path = Finora.app; sourceTree = BUILT_PRODUCTS_DIR; };
		63EA7B552E9112C9005934F6 /* Portfolio-AI-Info.plist */ = {isa = PBXFileReference; lastKnownFileType = text.plist.xml; path = "Portfolio-AI-Info.plist"; sourceTree = "<group>"; };
/* End PBXFileReference section */

/* Begin PBXFileSystemSynchronizedRootGroup section */
		6300651C2E9AA107000A0A33 /* ci_scripts */ = {
			isa = PBXFileSystemSynchronizedRootGroup;
			path = ci_scripts;
			sourceTree = "<group>";
		};
		63CAE4022E6319CC00F111CD /* Portfolio.AI */ = {
			isa = PBXFileSystemSynchronizedRootGroup;
			path = Portfolio.AI;
			sourceTree = "<group>";
		};
/* End PBXFileSystemSynchronizedRootGroup section */

/* Begin PBXFrameworksBuildPhase section */
		63CAE3FD2E6319CC00F111CD /* Frameworks */ = {
			isa = PBXFrameworksBuildPhase;
			buildActionMask = 2147483647;
			files = (
				63AB6C2E2E658CFE00B7EFDC /* PostgREST in Frameworks */,
				63AB6C2C2E658CFE00B7EFDC /* Functions in Frameworks */,
				63AB6C342E658CFE00B7EFDC /* Supabase in Frameworks */,
				63AB6C2A2E658CFE00B7EFDC /* Auth in Frameworks */,
				63AB6C322E658CFE00B7EFDC /* Storage in Frameworks */,
				63AB6C302E658CFE00B7EFDC /* Realtime in Frameworks */,
				63863AFD2E8ED418001F2388 /* Toasts in Frameworks */,
			);
			runOnlyForDeploymentPostprocessing = 0;
		};
/* End PBXFrameworksBuildPhase section */

/* Begin PBXGroup section */
		63CAE3F72E6319CC00F111CD = {
			isa = PBXGroup;
			children = (
				63CAE4022E6319CC00F111CD /* Portfolio.AI */,
				63CAE4012E6319CC00F111CD /* Products */,
				63EA7B552E9112C9005934F6 /* Portfolio-AI-Info.plist */,
				6300651C2E9AA107000A0A33 /* ci_scripts */,
			);
			sourceTree = "<group>";
		};
		63CAE4012E6319CC00F111CD /* Products */ = {
			isa = PBXGroup;
			children = (
				63CAE4002E6319CC00F111CD /* Finora.app */,
			);
			name = Products;
			sourceTree = "<group>";
		};
/* End PBXGroup section */

/* Begin PBXNativeTarget section */
		63CAE3FF2E6319CC00F111CD /* Portfolio.AI */ = {
			isa = PBXNativeTarget;
			buildConfigurationList = 63CAE4212E6319CE00F111CD /* Build configuration list for PBXNativeTarget "Portfolio.AI" */;
			buildPhases = (
				63CAE3FC2E6319CC00F111CD /* Sources */,
				63CAE3FD2E6319CC00F111CD /* Frameworks */,
				63CAE3FE2E6319CC00F111CD /* Resources */,
			);
			buildRules = (
			);
			dependencies = (
			);
			fileSystemSynchronizedGroups = (
				6300651C2E9AA107000A0A33 /* ci_scripts */,
				63CAE4022E6319CC00F111CD /* Portfolio.AI */,
			);
			name = Portfolio.AI;
			packageProductDependencies = (
				63AB6C292E658CFE00B7EFDC /* Auth */,
				63AB6C2B2E658CFE00B7EFDC /* Functions */,
				63AB6C2D2E658CFE00B7EFDC /* PostgREST */,
				63AB6C2F2E658CFE00B7EFDC /* Realtime */,
				63AB6C312E658CFE00B7EFDC /* Storage */,
				63AB6C332E658CFE00B7EFDC /* Supabase */,
				63863AFC2E8ED418001F2388 /* Toasts */,
			);
			productName = FitCheck.AI;
			productReference = 63CAE4002E6319CC00F111CD /* Finora.app */;
			productType = "com.apple.product-type.application";
		};
/* End PBXNativeTarget section */

/* Begin PBXProject section */
		63CAE3F82E6319CC00F111CD /* Project object */ = {
			isa = PBXProject;
			attributes = {
				BuildIndependentTargetsInParallel = 1;
				LastSwiftUpdateCheck = 1640;
				LastUpgradeCheck = 2600;
				TargetAttributes = {
					63CAE3FF2E6319CC00F111CD = {
						CreatedOnToolsVersion = 16.4;
					};
				};
			};
			buildConfigurationList = 63CAE3FB2E6319CC00F111CD /* Build configuration list for PBXProject "Portfolio.AI" */;
			developmentRegion = en;
			hasScannedForEncodings = 0;
			knownRegions = (
				en,
				Base,
			);
			mainGroup = 63CAE3F72E6319CC00F111CD;
			minimizedProjectReferenceProxies = 1;
			packageReferences = (
				63AB6C282E658C3C00B7EFDC /* XCRemoteSwiftPackageReference "supabase-swift" */,
				63863AFB2E8ED418001F2388 /* XCRemoteSwiftPackageReference "swiftui-toasts" */,
			);
			preferredProjectObjectVersion = 77;
			productRefGroup = 63CAE4012E6319CC00F111CD /* Products */;
			projectDirPath = "";
			projectRoot = "";
			targets = (
				63CAE3FF2E6319CC00F111CD /* Portfolio.AI */,
			);
		};
/* End PBXProject section */

/* Begin PBXResourcesBuildPhase section */
		63CAE3FE2E6319CC00F111CD /* Resources */ = {
			isa = PBXResourcesBuildPhase;
			buildActionMask = 2147483647;
			files = (
			);
			runOnlyForDeploymentPostprocessing = 0;
		};
/* End PBXResourcesBuildPhase section */

/* Begin PBXSourcesBuildPhase section */
		63CAE3FC2E6319CC00F111CD /* Sources */ = {
			isa = PBXSourcesBuildPhase;
			buildActionMask = 2147483647;
			files = (
			);
			runOnlyForDeploymentPostprocessing = 0;
		};
/* End PBXSourcesBuildPhase section */

/* Begin XCBuildConfiguration section */
		63CAE41F2E6319CE00F111CD /* Debug */ = {
			isa = XCBuildConfiguration;
			baseConfigurationReferenceAnchor = 63CAE4022E6319CC00F111CD /* Portfolio.AI */;
			baseConfigurationReferenceRelativePath = release.xcconfig;
			buildSettings = {
				ALWAYS_SEARCH_USER_PATHS = NO;
				ASSETCATALOG_COMPILER_GENERATE_SWIFT_ASSET_SYMBOL_EXTENSIONS = YES;
				CLANG_ANALYZER_NONNULL = YES;
				CLANG_ANALYZER_NUMBER_OBJECT_CONVERSION = YES_AGGRESSIVE;
				CLANG_CXX_LANGUAGE_STANDARD = "gnu++20";
				CLANG_ENABLE_MODULES = YES;
				CLANG_ENABLE_OBJC_ARC = YES;
				CLANG_ENABLE_OBJC_WEAK = YES;
				CLANG_WARN_BLOCK_CAPTURE_AUTORELEASING = YES;
				CLANG_WARN_BOOL_CONVERSION = YES;
				CLANG_WARN_COMMA = YES;
				CLANG_WARN_CONSTANT_CONVERSION = YES;
				CLANG_WARN_DEPRECATED_OBJC_IMPLEMENTATIONS = YES;
				CLANG_WARN_DIRECT_OBJC_ISA_USAGE = YES_ERROR;
				CLANG_WARN_DOCUMENTATION_COMMENTS = YES;
				CLANG_WARN_EMPTY_BODY = YES;
				CLANG_WARN_ENUM_CONVERSION = YES;
				CLANG_WARN_INFINITE_RECURSION = YES;
				CLANG_WARN_INT_CONVERSION = YES;
				CLANG_WARN_NON_LITERAL_NULL_CONVERSION = YES;
				CLANG_WARN_OBJC_IMPLICIT_RETAIN_SELF = YES;
				CLANG_WARN_OBJC_LITERAL_CONVERSION = YES;
				CLANG_WARN_OBJC_ROOT_CLASS = YES_ERROR;
				CLANG_WARN_QUOTED_INCLUDE_IN_FRAMEWORK_HEADER = YES;
				CLANG_WARN_RANGE_LOOP_ANALYSIS = YES;
				CLANG_WARN_STRICT_PROTOTYPES = YES;
				CLANG_WARN_SUSPICIOUS_MOVE = YES;
				CLANG_WARN_UNGUARDED_AVAILABILITY = YES_AGGRESSIVE;
				CLANG_WARN_UNREACHABLE_CODE = YES;
				CLANG_WARN__DUPLICATE_METHOD_MATCH = YES;
				COPY_PHASE_STRIP = NO;
				DEBUG_INFORMATION_FORMAT = dwarf;
				DEVELOPMENT_TEAM = LLX8488H9A;
				ENABLE_STRICT_OBJC_MSGSEND = YES;
				ENABLE_TESTABILITY = YES;
				ENABLE_USER_SCRIPT_SANDBOXING = YES;
				GCC_C_LANGUAGE_STANDARD = gnu17;
				GCC_DYNAMIC_NO_PIC = NO;
				GCC_NO_COMMON_BLOCKS = YES;
				GCC_OPTIMIZATION_LEVEL = 0;
				GCC_PREPROCESSOR_DEFINITIONS = (
					"DEBUG=1",
					"$(inherited)",
				);
				GCC_WARN_64_TO_32_BIT_CONVERSION = YES;
				GCC_WARN_ABOUT_RETURN_TYPE = YES_ERROR;
				GCC_WARN_UNDECLARED_SELECTOR = YES;
				GCC_WARN_UNINITIALIZED_AUTOS = YES_AGGRESSIVE;
				GCC_WARN_UNUSED_FUNCTION = YES;
				GCC_WARN_UNUSED_VARIABLE = YES;
				IPHONEOS_DEPLOYMENT_TARGET = 18.5;
				LOCALIZATION_PREFERS_STRING_CATALOGS = YES;
				MTL_ENABLE_DEBUG_INFO = INCLUDE_SOURCE;
				MTL_FAST_MATH = YES;
				ONLY_ACTIVE_ARCH = YES;
				SDKROOT = iphoneos;
				STRING_CATALOG_GENERATE_SYMBOLS = YES;
				SWIFT_ACTIVE_COMPILATION_CONDITIONS = "DEBUG $(inherited)";
				SWIFT_OPTIMIZATION_LEVEL = "-Onone";
			};
			name = Debug;
		};
		63CAE4202E6319CE00F111CD /* Release */ = {
			isa = XCBuildConfiguration;
			baseConfigurationReferenceAnchor = 63CAE4022E6319CC00F111CD /* Portfolio.AI */;
			baseConfigurationReferenceRelativePath = release.xcconfig;
			buildSettings = {
				ALWAYS_SEARCH_USER_PATHS = NO;
				ASSETCATALOG_COMPILER_GENERATE_SWIFT_ASSET_SYMBOL_EXTENSIONS = YES;
				CLANG_ANALYZER_NONNULL = YES;
				CLANG_ANALYZER_NUMBER_OBJECT_CONVERSION = YES_AGGRESSIVE;
				CLANG_CXX_LANGUAGE_STANDARD = "gnu++20";
				CLANG_ENABLE_MODULES = YES;
				CLANG_ENABLE_OBJC_ARC = YES;
				CLANG_ENABLE_OBJC_WEAK = YES;
				CLANG_WARN_BLOCK_CAPTURE_AUTORELEASING = YES;
				CLANG_WARN_BOOL_CONVERSION = YES;
				CLANG_WARN_COMMA = YES;
				CLANG_WARN_CONSTANT_CONVERSION = YES;
				CLANG_WARN_DEPRECATED_OBJC_IMPLEMENTATIONS = YES;
				CLANG_WARN_DIRECT_OBJC_ISA_USAGE = YES_ERROR;
				CLANG_WARN_DOCUMENTATION_COMMENTS = YES;
				CLANG_WARN_EMPTY_BODY = YES;
				CLANG_WARN_ENUM_CONVERSION = YES;
				CLANG_WARN_INFINITE_RECURSION = YES;
				CLANG_WARN_INT_CONVERSION = YES;
				CLANG_WARN_NON_LITERAL_NULL_CONVERSION = YES;
				CLANG_WARN_OBJC_IMPLICIT_RETAIN_SELF = YES;
				CLANG_WARN_OBJC_LITERAL_CONVERSION = YES;
				CLANG_WARN_OBJC_ROOT_CLASS = YES_ERROR;
				CLANG_WARN_QUOTED_INCLUDE_IN_FRAMEWORK_HEADER = YES;
				CLANG_WARN_RANGE_LOOP_ANALYSIS = YES;
				CLANG_WARN_STRICT_PROTOTYPES = YES;
				CLANG_WARN_SUSPICIOUS_MOVE = YES;
				CLANG_WARN_UNGUARDED_AVAILABILITY = YES_AGGRESSIVE;
				CLANG_WARN_UNREACHABLE_CODE = YES;
				CLANG_WARN__DUPLICATE_METHOD_MATCH = YES;
				COPY_PHASE_STRIP = NO;
				DEBUG_INFORMATION_FORMAT = "dwarf-with-dsym";
				DEVELOPMENT_TEAM = LLX8488H9A;
				ENABLE_NS_ASSERTIONS = NO;
				ENABLE_STRICT_OBJC_MSGSEND = YES;
				ENABLE_USER_SCRIPT_SANDBOXING = YES;
				GCC_C_LANGUAGE_STANDARD = gnu17;
				GCC_NO_COMMON_BLOCKS = YES;
				GCC_WARN_64_TO_32_BIT_CONVERSION = YES;
				GCC_WARN_ABOUT_RETURN_TYPE = YES_ERROR;
				GCC_WARN_UNDECLARED_SELECTOR = YES;
				GCC_WARN_UNINITIALIZED_AUTOS = YES_AGGRESSIVE;
				GCC_WARN_UNUSED_FUNCTION = YES;
				GCC_WARN_UNUSED_VARIABLE = YES;
				IPHONEOS_DEPLOYMENT_TARGET = 18.5;
				LOCALIZATION_PREFERS_STRING_CATALOGS = YES;
				MTL_ENABLE_DEBUG_INFO = NO;
				MTL_FAST_MATH = YES;
				SDKROOT = iphoneos;
				STRING_CATALOG_GENERATE_SYMBOLS = YES;
				SWIFT_COMPILATION_MODE = wholemodule;
				VALIDATE_PRODUCT = YES;
			};
			name = Release;
		};
		63CAE4222E6319CE00F111CD /* Debug */ = {
			isa = XCBuildConfiguration;
			baseConfigurationReferenceAnchor = 63CAE4022E6319CC00F111CD /* Portfolio.AI */;
			baseConfigurationReferenceRelativePath = release.xcconfig;
			buildSettings = {
				ASSETCATALOG_COMPILER_APPICON_NAME = "Finora Icon";
				ASSETCATALOG_COMPILER_GLOBAL_ACCENT_COLOR_NAME = AccentColor;
				CODE_SIGN_ENTITLEMENTS = Portfolio.AI/Portfolio.AI.entitlements;
				CODE_SIGN_STYLE = Automatic;
				CURRENT_PROJECT_VERSION = 0;
				DEVELOPMENT_TEAM = LLX8488H9A;
				ENABLE_APP_SANDBOX = YES;
				ENABLE_HARDENED_RUNTIME = YES;
				ENABLE_OUTGOING_NETWORK_CONNECTIONS = YES;
				ENABLE_PREVIEWS = YES;
				GENERATE_INFOPLIST_FILE = YES;
				INFOPLIST_FILE = "Portfolio-AI-Info.plist";
				INFOPLIST_KEY_UIApplicationSceneManifest_Generation = YES;
				INFOPLIST_KEY_UIApplicationSupportsIndirectInputEvents = YES;
				INFOPLIST_KEY_UILaunchScreen_Generation = YES;
				INFOPLIST_KEY_UISupportedInterfaceOrientations = UIInterfaceOrientationPortrait;
				INFOPLIST_KEY_UISupportedInterfaceOrientations_iPad = "UIInterfaceOrientationLandscapeLeft UIInterfaceOrientationLandscapeRight UIInterfaceOrientationPortrait UIInterfaceOrientationPortraitUpsideDown";
				IPHONEOS_DEPLOYMENT_TARGET = 17.4;
				LD_RUNPATH_SEARCH_PATHS = (
					"$(inherited)",
					"@executable_path/Frameworks",
				);
				MARKETING_VERSION = 1.1;
				PRODUCT_BUNDLE_IDENTIFIER = saransh.portfolio.ai;
				PRODUCT_NAME = Finora;
				REGISTER_APP_GROUPS = YES;
				SUPPORTED_PLATFORMS = "iphoneos iphonesimulator";
				SUPPORTS_MACCATALYST = NO;
				SUPPORTS_MAC_DESIGNED_FOR_IPHONE_IPAD = NO;
				SUPPORTS_XR_DESIGNED_FOR_IPHONE_IPAD = NO;
				SWIFT_EMIT_LOC_STRINGS = YES;
				SWIFT_VERSION = 5.0;
				TARGETED_DEVICE_FAMILY = "1,2";
			};
			name = Debug;
		};
		63CAE4232E6319CE00F111CD /* Release */ = {
			isa = XCBuildConfiguration;
			baseConfigurationReferenceAnchor = 63CAE4022E6319CC00F111CD /* Portfolio.AI */;
			baseConfigurationReferenceRelativePath = release.xcconfig;
			buildSettings = {
				ASSETCATALOG_COMPILER_APPICON_NAME = "Finora Icon";
				ASSETCATALOG_COMPILER_GLOBAL_ACCENT_COLOR_NAME = AccentColor;
				CODE_SIGN_ENTITLEMENTS = Portfolio.AI/Portfolio.AI.entitlements;
				CODE_SIGN_STYLE = Automatic;
				CURRENT_PROJECT_VERSION = 0;
				DEVELOPMENT_TEAM = LLX8488H9A;
				ENABLE_APP_SANDBOX = YES;
				ENABLE_HARDENED_RUNTIME = YES;
				ENABLE_OUTGOING_NETWORK_CONNECTIONS = YES;
				ENABLE_PREVIEWS = YES;
				GENERATE_INFOPLIST_FILE = YES;
				INFOPLIST_FILE = "Portfolio-AI-Info.plist";
				INFOPLIST_KEY_UIApplicationSceneManifest_Generation = YES;
				INFOPLIST_KEY_UIApplicationSupportsIndirectInputEvents = YES;
				INFOPLIST_KEY_UILaunchScreen_Generation = YES;
				INFOPLIST_KEY_UISupportedInterfaceOrientations = UIInterfaceOrientationPortrait;
				INFOPLIST_KEY_UISupportedInterfaceOrientations_iPad = "UIInterfaceOrientationLandscapeLeft UIInterfaceOrientationLandscapeRight UIInterfaceOrientationPortrait UIInterfaceOrientationPortraitUpsideDown";
				IPHONEOS_DEPLOYMENT_TARGET = 17.4;
				LD_RUNPATH_SEARCH_PATHS = (
					"$(inherited)",
					"@executable_path/Frameworks",
				);
				MARKETING_VERSION = 1.1;
				PRODUCT_BUNDLE_IDENTIFIER = saransh.portfolio.ai;
				PRODUCT_NAME = Finora;
				REGISTER_APP_GROUPS = YES;
				SUPPORTED_PLATFORMS = "iphoneos iphonesimulator";
				SUPPORTS_MACCATALYST = NO;
				SUPPORTS_MAC_DESIGNED_FOR_IPHONE_IPAD = NO;
				SUPPORTS_XR_DESIGNED_FOR_IPHONE_IPAD = NO;
				SWIFT_EMIT_LOC_STRINGS = YES;
				SWIFT_VERSION = 5.0;
				TARGETED_DEVICE_FAMILY = "1,2";
			};
			name = Release;
		};
/* End XCBuildConfiguration section */

/* Begin XCConfigurationList section */
		63CAE3FB2E6319CC00F111CD /* Build configuration list for PBXProject "Portfolio.AI" */ = {
			isa = XCConfigurationList;
			buildConfigurations = (
				63CAE41F2E6319CE00F111CD /* Debug */,
				63CAE4202E6319CE00F111CD /* Release */,
			);
			defaultConfigurationIsVisible = 0;
			defaultConfigurationName = Release;
		};
		63CAE4212E6319CE00F111CD /* Build configuration list for PBXNativeTarget "Portfolio.AI" */ = {
			isa = XCConfigurationList;
			buildConfigurations = (
				63CAE4222E6319CE00F111CD /* Debug */,
				63CAE4232E6319CE00F111CD /* Release */,
			);
			defaultConfigurationIsVisible = 0;
			defaultConfigurationName = Release;
		};
/* End XCConfigurationList section */

/* Begin XCRemoteSwiftPackageReference section */
		63863AFB2E8ED418001F2388 /* XCRemoteSwiftPackageReference "swiftui-toasts" */ = {
			isa = XCRemoteSwiftPackageReference;
			repositoryURL = "https://github.com/sunghyun-k/swiftui-toasts";
			requirement = {
				kind = upToNextMajorVersion;
				minimumVersion = 1.1.1;
			};
		};
		63AB6C282E658C3C00B7EFDC /* XCRemoteSwiftPackageReference "supabase-swift" */ = {
			isa = XCRemoteSwiftPackageReference;
			repositoryURL = "https://github.com/supabase/supabase-swift.git";
			requirement = {
				kind = upToNextMajorVersion;
				minimumVersion = 2.5.1;
			};
		};
/* End XCRemoteSwiftPackageReference section */

/* Begin XCSwiftPackageProductDependency section */
		63863AFC2E8ED418001F2388 /* Toasts */ = {
			isa = XCSwiftPackageProductDependency;
			package = 63863AFB2E8ED418001F2388 /* XCRemoteSwiftPackageReference "swiftui-toasts" */;
			productName = Toasts;
		};
		63AB6C292E658CFE00B7EFDC /* Auth */ = {
			isa = XCSwiftPackageProductDependency;
			package = 63AB6C282E658C3C00B7EFDC /* XCRemoteSwiftPackageReference "supabase-swift" */;
			productName = Auth;
		};
		63AB6C2B2E658CFE00B7EFDC /* Functions */ = {
			isa = XCSwiftPackageProductDependency;
			package = 63AB6C282E658C3C00B7EFDC /* XCRemoteSwiftPackageReference "supabase-swift" */;
			productName = Functions;
		};
		63AB6C2D2E658CFE00B7EFDC /* PostgREST */ = {
			isa = XCSwiftPackageProductDependency;
			package = 63AB6C282E658C3C00B7EFDC /* XCRemoteSwiftPackageReference "supabase-swift" */;
			productName = PostgREST;
		};
		63AB6C2F2E658CFE00B7EFDC /* Realtime */ = {
			isa = XCSwiftPackageProductDependency;
			package = 63AB6C282E658C3C00B7EFDC /* XCRemoteSwiftPackageReference "supabase-swift" */;
			productName = Realtime;
		};
		63AB6C312E658CFE00B7EFDC /* Storage */ = {
			isa = XCSwiftPackageProductDependency;
			package = 63AB6C282E658C3C00B7EFDC /* XCRemoteSwiftPackageReference "supabase-swift" */;
			productName = Storage;
		};
		63AB6C332E658CFE00B7EFDC /* Supabase */ = {
			isa = XCSwiftPackageProductDependency;
			package = 63AB6C282E658C3C00B7EFDC /* XCRemoteSwiftPackageReference "supabase-swift" */;
			productName = Supabase;
		};
/* End XCSwiftPackageProductDependency section */
	};
	rootObject = 63CAE3F82E6319CC00F111CD /* Project object */;
}
